{
  "requires": true,
  "lockfileVersion": 1,
  "dependencies": {
    "tiny-async-pool": {
      "version": "2.1.0",
      "resolved": "https://registry.npmmirror.com/tiny-async-pool/-/tiny-async-pool-2.1.0.tgz",
      "integrity": "sha512-ltAHPh/9k0STRQqaoUX52NH4ZQYAJz24ZAEwf1Zm+HYg3l9OXTWeqWKyYsHu40wF/F0rxd2N2bk5sLvX2qlSvg=="
    }
  }
}
